// !$*UTF8*$!
{
	archiveVersion = 1;
	classes = {
	};
	objectVersion = 46;
	objects = {

/* Begin PBXBuildFile section */
		89417DCF1ABBE458002E17D7 /* Math.swift in Sources */ = {isa = PBXBuildFile; fileRef = 89417DCE1ABBE458002E17D7 /* Math.swift */; };
		89417DD01ABBE458002E17D7 /* Math.swift in Sources */ = {isa = PBXBuildFile; fileRef = 89417DCE1ABBE458002E17D7 /* Math.swift */; };
		89417DD21ABBF20F002E17D7 /* Int+ProceduralKit.swift in Sources */ = {isa = PBXBuildFile; fileRef = 89417DD11ABBF20F002E17D7 /* Int+ProceduralKit.swift */; };
		89417DD31ABBF20F002E17D7 /* Int+ProceduralKit.swift in Sources */ = {isa = PBXBuildFile; fileRef = 89417DD11ABBF20F002E17D7 /* Int+ProceduralKit.swift */; };
		89417DD51ABBF644002E17D7 /* MathSpec.swift in Sources */ = {isa = PBXBuildFile; fileRef = 89417DD41ABBF644002E17D7 /* MathSpec.swift */; };
		89417DD81ABBF6E1002E17D7 /* Nimble.framework in Frameworks */ = {isa = PBXBuildFile; fileRef = 89417DD61ABBF6E1002E17D7 /* Nimble.framework */; };
		89417DD91ABBF6E1002E17D7 /* Quick.framework in Frameworks */ = {isa = PBXBuildFile; fileRef = 89417DD71ABBF6E1002E17D7 /* Quick.framework */; };
		89417DDE1ABBF77B002E17D7 /* Int+ProceduralKitSpec.swift in Sources */ = {isa = PBXBuildFile; fileRef = 89417DDD1ABBF77B002E17D7 /* Int+ProceduralKitSpec.swift */; };
		89417DE01ABC7D81002E17D7 /* Nimble.framework in Copy Frameworks */ = {isa = PBXBuildFile; fileRef = 89417DD61ABBF6E1002E17D7 /* Nimble.framework */; settings = {ATTRIBUTES = (CodeSignOnCopy, RemoveHeadersOnCopy, ); }; };
		89417DE11ABC7D81002E17D7 /* Quick.framework in Copy Frameworks */ = {isa = PBXBuildFile; fileRef = 89417DD71ABBF6E1002E17D7 /* Quick.framework */; settings = {ATTRIBUTES = (CodeSignOnCopy, RemoveHeadersOnCopy, ); }; };
		89A601CC1AB8C01C00EA392D /* ProceduralLayer.swift in Sources */ = {isa = PBXBuildFile; fileRef = 89A601CB1AB8C01C00EA392D /* ProceduralLayer.swift */; };
		89A601CD1AB8C01C00EA392D /* ProceduralLayer.swift in Sources */ = {isa = PBXBuildFile; fileRef = 89A601CB1AB8C01C00EA392D /* ProceduralLayer.swift */; };
		89A601D71AB8C07400EA392D /* AppDelegate.swift in Sources */ = {isa = PBXBuildFile; fileRef = 89A601D61AB8C07400EA392D /* AppDelegate.swift */; };
		89A601D91AB8C07400EA392D /* Images.xcassets in Resources */ = {isa = PBXBuildFile; fileRef = 89A601D81AB8C07400EA392D /* Images.xcassets */; };
		89A601DC1AB8C07400EA392D /* MainMenu.xib in Resources */ = {isa = PBXBuildFile; fileRef = 89A601DA1AB8C07400EA392D /* MainMenu.xib */; };
		89A601F11AB8C1BC00EA392D /* ProceduralKit.framework in Frameworks */ = {isa = PBXBuildFile; fileRef = 89B6F9751AB135DD00618B00 /* ProceduralKit.framework */; };
		89B6F97B1AB135DD00618B00 /* ProceduralKit.h in Headers */ = {isa = PBXBuildFile; fileRef = 89B6F97A1AB135DD00618B00 /* ProceduralKit.h */; settings = {ATTRIBUTES = (Public, ); }; };
		89B6F9811AB135DD00618B00 /* ProceduralKit.framework in Frameworks */ = {isa = PBXBuildFile; fileRef = 89B6F9751AB135DD00618B00 /* ProceduralKit.framework */; };
		89B6F9921AB1360D00618B00 /* FractalBrownianMotion.swift in Sources */ = {isa = PBXBuildFile; fileRef = 89B6F9911AB1360D00618B00 /* FractalBrownianMotion.swift */; };
		89B6F9941AB1362C00618B00 /* PerlinNoise.swift in Sources */ = {isa = PBXBuildFile; fileRef = 89B6F9931AB1362C00618B00 /* PerlinNoise.swift */; };
		89B6F9961AB13E7300618B00 /* FBMTests.swift in Sources */ = {isa = PBXBuildFile; fileRef = 89B6F9951AB13E7300618B00 /* FBMTests.swift */; };
		89B6F9981AB13E9800618B00 /* PerlinNoiseTests.swift in Sources */ = {isa = PBXBuildFile; fileRef = 89B6F9971AB13E9800618B00 /* PerlinNoiseTests.swift */; };
		89B6F9991AB13EA100618B00 /* FractalBrownianMotion.swift in Sources */ = {isa = PBXBuildFile; fileRef = 89B6F9911AB1360D00618B00 /* FractalBrownianMotion.swift */; };
		89B6F99A1AB13EA100618B00 /* PerlinNoise.swift in Sources */ = {isa = PBXBuildFile; fileRef = 89B6F9931AB1362C00618B00 /* PerlinNoise.swift */; };
/* End PBXBuildFile section */

/* Begin PBXContainerItemProxy section */
		89A601EF1AB8C1B500EA392D /* PBXContainerItemProxy */ = {
			isa = PBXContainerItemProxy;
			containerPortal = 89B6F96C1AB135DD00618B00 /* Project object */;
			proxyType = 1;
			remoteGlobalIDString = 89B6F9741AB135DD00618B00;
			remoteInfo = ProceduralKit;
		};
		89B6F9821AB135DD00618B00 /* PBXContainerItemProxy */ = {
			isa = PBXContainerItemProxy;
			containerPortal = 89B6F96C1AB135DD00618B00 /* Project object */;
			proxyType = 1;
			remoteGlobalIDString = 89B6F9741AB135DD00618B00;
			remoteInfo = ProceduralKit;
		};
/* End PBXContainerItemProxy section */

/* Begin PBXCopyFilesBuildPhase section */
		89417DDF1ABC7D72002E17D7 /* Copy Frameworks */ = {
			isa = PBXCopyFilesBuildPhase;
			buildActionMask = 2147483647;
			dstPath = "";
			dstSubfolderSpec = 10;
			files = (
				89417DE01ABC7D81002E17D7 /* Nimble.framework in Copy Frameworks */,
				89417DE11ABC7D81002E17D7 /* Quick.framework in Copy Frameworks */,
			);
			name = "Copy Frameworks";
			runOnlyForDeploymentPostprocessing = 0;
		};
/* End PBXCopyFilesBuildPhase section */

/* Begin PBXFileReference section */
		89417DCE1ABBE458002E17D7 /* Math.swift */ = {isa = PBXFileReference; fileEncoding = 4; lastKnownFileType = sourcecode.swift; path = Math.swift; sourceTree = "<group>"; };
		89417DD11ABBF20F002E17D7 /* Int+ProceduralKit.swift */ = {isa = PBXFileReference; fileEncoding = 4; lastKnownFileType = sourcecode.swift; path = "Int+ProceduralKit.swift"; sourceTree = "<group>"; };
		89417DD41ABBF644002E17D7 /* MathSpec.swift */ = {isa = PBXFileReference; fileEncoding = 4; lastKnownFileType = sourcecode.swift; path = MathSpec.swift; sourceTree = "<group>"; };
		89417DD61ABBF6E1002E17D7 /* Nimble.framework */ = {isa = PBXFileReference; lastKnownFileType = wrapper.framework; name = Nimble.framework; path = Carthage/Build/Mac/Nimble.framework; sourceTree = SOURCE_ROOT; };
		89417DD71ABBF6E1002E17D7 /* Quick.framework */ = {isa = PBXFileReference; lastKnownFileType = wrapper.framework; name = Quick.framework; path = Carthage/Build/Mac/Quick.framework; sourceTree = SOURCE_ROOT; };
		89417DDD1ABBF77B002E17D7 /* Int+ProceduralKitSpec.swift */ = {isa = PBXFileReference; fileEncoding = 4; lastKnownFileType = sourcecode.swift; path = "Int+ProceduralKitSpec.swift"; sourceTree = "<group>"; };
		89A601CB1AB8C01C00EA392D /* ProceduralLayer.swift */ = {isa = PBXFileReference; fileEncoding = 4; lastKnownFileType = sourcecode.swift; path = ProceduralLayer.swift; sourceTree = "<group>"; };
		89A601D21AB8C07400EA392D /* ProceduralKitExample.app */ = {isa = PBXFileReference; explicitFileType = wrapper.application; includeInIndex = 0; path = ProceduralKitExample.app; sourceTree = BUILT_PRODUCTS_DIR; };
		89A601D51AB8C07400EA392D /* Info.plist */ = {isa = PBXFileReference; lastKnownFileType = text.plist.xml; path = Info.plist; sourceTree = "<group>"; };
		89A601D61AB8C07400EA392D /* AppDelegate.swift */ = {isa = PBXFileReference; lastKnownFileType = sourcecode.swift; path = AppDelegate.swift; sourceTree = "<group>"; };
		89A601D81AB8C07400EA392D /* Images.xcassets */ = {isa = PBXFileReference; lastKnownFileType = folder.assetcatalog; path = Images.xcassets; sourceTree = "<group>"; };
		89A601DB1AB8C07400EA392D /* Base */ = {isa = PBXFileReference; lastKnownFileType = file.xib; name = Base; path = Base.lproj/MainMenu.xib; sourceTree = "<group>"; };
		89B6F9751AB135DD00618B00 /* ProceduralKit.framework */ = {isa = PBXFileReference; explicitFileType = wrapper.framework; includeInIndex = 0; path = ProceduralKit.framework; sourceTree = BUILT_PRODUCTS_DIR; };
		89B6F9791AB135DD00618B00 /* Info.plist */ = {isa = PBXFileReference; lastKnownFileType = text.plist.xml; path = Info.plist; sourceTree = "<group>"; };
		89B6F97A1AB135DD00618B00 /* ProceduralKit.h */ = {isa = PBXFileReference; lastKnownFileType = sourcecode.c.h; path = ProceduralKit.h; sourceTree = "<group>"; };
		89B6F9801AB135DD00618B00 /* ProceduralKitTests.xctest */ = {isa = PBXFileReference; explicitFileType = wrapper.cfbundle; includeInIndex = 0; path = ProceduralKitTests.xctest; sourceTree = BUILT_PRODUCTS_DIR; };
		89B6F9861AB135DD00618B00 /* Info.plist */ = {isa = PBXFileReference; lastKnownFileType = text.plist.xml; path = Info.plist; sourceTree = "<group>"; };
		89B6F9911AB1360D00618B00 /* FractalBrownianMotion.swift */ = {isa = PBXFileReference; fileEncoding = 4; lastKnownFileType = sourcecode.swift; path = FractalBrownianMotion.swift; sourceTree = "<group>"; };
		89B6F9931AB1362C00618B00 /* PerlinNoise.swift */ = {isa = PBXFileReference; fileEncoding = 4; lastKnownFileType = sourcecode.swift; path = PerlinNoise.swift; sourceTree = "<group>"; };
		89B6F9951AB13E7300618B00 /* FBMTests.swift */ = {isa = PBXFileReference; fileEncoding = 4; lastKnownFileType = sourcecode.swift; path = FBMTests.swift; sourceTree = "<group>"; };
		89B6F9971AB13E9800618B00 /* PerlinNoiseTests.swift */ = {isa = PBXFileReference; fileEncoding = 4; lastKnownFileType = sourcecode.swift; path = PerlinNoiseTests.swift; sourceTree = "<group>"; };
/* End PBXFileReference section */

/* Begin PBXFrameworksBuildPhase section */
		89A601CF1AB8C07400EA392D /* Frameworks */ = {
			isa = PBXFrameworksBuildPhase;
			buildActionMask = 2147483647;
			files = (
				89A601F11AB8C1BC00EA392D /* ProceduralKit.framework in Frameworks */,
			);
			runOnlyForDeploymentPostprocessing = 0;
		};
		89B6F9711AB135DD00618B00 /* Frameworks */ = {
			isa = PBXFrameworksBuildPhase;
			buildActionMask = 2147483647;
			files = (
			);
			runOnlyForDeploymentPostprocessing = 0;
		};
		89B6F97D1AB135DD00618B00 /* Frameworks */ = {
			isa = PBXFrameworksBuildPhase;
			buildActionMask = 2147483647;
			files = (
				89B6F9811AB135DD00618B00 /* ProceduralKit.framework in Frameworks */,
				89417DD81ABBF6E1002E17D7 /* Nimble.framework in Frameworks */,
				89417DD91ABBF6E1002E17D7 /* Quick.framework in Frameworks */,
			);
			runOnlyForDeploymentPostprocessing = 0;
		};
/* End PBXFrameworksBuildPhase section */

/* Begin PBXGroup section */
		89A601D31AB8C07400EA392D /* ProceduralKitExample */ = {
			isa = PBXGroup;
			children = (
				89A601D61AB8C07400EA392D /* AppDelegate.swift */,
				89A601D81AB8C07400EA392D /* Images.xcassets */,
				89A601DA1AB8C07400EA392D /* MainMenu.xib */,
				89A601D41AB8C07400EA392D /* Supporting Files */,
			);
			path = ProceduralKitExample;
			sourceTree = "<group>";
		};
		89A601D41AB8C07400EA392D /* Supporting Files */ = {
			isa = PBXGroup;
			children = (
				89A601D51AB8C07400EA392D /* Info.plist */,
			);
			name = "Supporting Files";
			sourceTree = "<group>";
		};
		89B6F96B1AB135DD00618B00 = {
			isa = PBXGroup;
			children = (
				89B6F9771AB135DD00618B00 /* ProceduralKit */,
				89B6F9841AB135DD00618B00 /* ProceduralKitTests */,
				89A601D31AB8C07400EA392D /* ProceduralKitExample */,
				89B6F9761AB135DD00618B00 /* Products */,
			);
			sourceTree = "<group>";
		};
		89B6F9761AB135DD00618B00 /* Products */ = {
			isa = PBXGroup;
			children = (
				89B6F9751AB135DD00618B00 /* ProceduralKit.framework */,
				89B6F9801AB135DD00618B00 /* ProceduralKitTests.xctest */,
				89A601D21AB8C07400EA392D /* ProceduralKitExample.app */,
			);
			name = Products;
			sourceTree = "<group>";
		};
		89B6F9771AB135DD00618B00 /* ProceduralKit */ = {
			isa = PBXGroup;
			children = (
				89B6F97A1AB135DD00618B00 /* ProceduralKit.h */,
				89B6F9911AB1360D00618B00 /* FractalBrownianMotion.swift */,
				89B6F9931AB1362C00618B00 /* PerlinNoise.swift */,
				89417DCE1ABBE458002E17D7 /* Math.swift */,
				89417DD11ABBF20F002E17D7 /* Int+ProceduralKit.swift */,
				89A601CB1AB8C01C00EA392D /* ProceduralLayer.swift */,
				89B6F9781AB135DD00618B00 /* Supporting Files */,
			);
			path = ProceduralKit;
			sourceTree = "<group>";
		};
		89B6F9781AB135DD00618B00 /* Supporting Files */ = {
			isa = PBXGroup;
			children = (
				89B6F9791AB135DD00618B00 /* Info.plist */,
			);
			name = "Supporting Files";
			sourceTree = "<group>";
		};
		89B6F9841AB135DD00618B00 /* ProceduralKitTests */ = {
			isa = PBXGroup;
			children = (
				89B6F9951AB13E7300618B00 /* FBMTests.swift */,
				89B6F9971AB13E9800618B00 /* PerlinNoiseTests.swift */,
				89417DD41ABBF644002E17D7 /* MathSpec.swift */,
				89417DDD1ABBF77B002E17D7 /* Int+ProceduralKitSpec.swift */,
				89B6F9851AB135DD00618B00 /* Supporting Files */,
				89417DD61ABBF6E1002E17D7 /* Nimble.framework */,
				89417DD71ABBF6E1002E17D7 /* Quick.framework */,
			);
			path = ProceduralKitTests;
			sourceTree = "<group>";
		};
		89B6F9851AB135DD00618B00 /* Supporting Files */ = {
			isa = PBXGroup;
			children = (
				89B6F9861AB135DD00618B00 /* Info.plist */,
			);
			name = "Supporting Files";
			sourceTree = "<group>";
		};
/* End PBXGroup section */

/* Begin PBXHeadersBuildPhase section */
		89B6F9721AB135DD00618B00 /* Headers */ = {
			isa = PBXHeadersBuildPhase;
			buildActionMask = 2147483647;
			files = (
				89B6F97B1AB135DD00618B00 /* ProceduralKit.h in Headers */,
			);
			runOnlyForDeploymentPostprocessing = 0;
		};
/* End PBXHeadersBuildPhase section */

/* Begin PBXNativeTarget section */
		89A601D11AB8C07400EA392D /* ProceduralKitExample */ = {
			isa = PBXNativeTarget;
			buildConfigurationList = 89A601E91AB8C07400EA392D /* Build configuration list for PBXNativeTarget "ProceduralKitExample" */;
			buildPhases = (
				89A601CE1AB8C07400EA392D /* Sources */,
				89A601CF1AB8C07400EA392D /* Frameworks */,
				89A601D01AB8C07400EA392D /* Resources */,
			);
			buildRules = (
			);
			dependencies = (
				89A601F01AB8C1B500EA392D /* PBXTargetDependency */,
			);
			name = ProceduralKitExample;
			productName = ProceduralKitExample;
			productReference = 89A601D21AB8C07400EA392D /* ProceduralKitExample.app */;
			productType = "com.apple.product-type.application";
		};
		89B6F9741AB135DD00618B00 /* ProceduralKit */ = {
			isa = PBXNativeTarget;
			buildConfigurationList = 89B6F98B1AB135DD00618B00 /* Build configuration list for PBXNativeTarget "ProceduralKit" */;
			buildPhases = (
				89B6F9701AB135DD00618B00 /* Sources */,
				89B6F9711AB135DD00618B00 /* Frameworks */,
				89B6F9721AB135DD00618B00 /* Headers */,
				89B6F9731AB135DD00618B00 /* Resources */,
			);
			buildRules = (
			);
			dependencies = (
			);
			name = ProceduralKit;
			productName = ProceduralKit;
			productReference = 89B6F9751AB135DD00618B00 /* ProceduralKit.framework */;
			productType = "com.apple.product-type.framework";
		};
		89B6F97F1AB135DD00618B00 /* ProceduralKitTests */ = {
			isa = PBXNativeTarget;
			buildConfigurationList = 89B6F98E1AB135DD00618B00 /* Build configuration list for PBXNativeTarget "ProceduralKitTests" */;
			buildPhases = (
				89B6F97C1AB135DD00618B00 /* Sources */,
				89B6F97D1AB135DD00618B00 /* Frameworks */,
				89B6F97E1AB135DD00618B00 /* Resources */,
				89417DDF1ABC7D72002E17D7 /* Copy Frameworks */,
			);
			buildRules = (
			);
			dependencies = (
				89B6F9831AB135DD00618B00 /* PBXTargetDependency */,
			);
			name = ProceduralKitTests;
			productName = ProceduralKitTests;
			productReference = 89B6F9801AB135DD00618B00 /* ProceduralKitTests.xctest */;
			productType = "com.apple.product-type.bundle.unit-test";
		};
/* End PBXNativeTarget section */

/* Begin PBXProject section */
		89B6F96C1AB135DD00618B00 /* Project object */ = {
			isa = PBXProject;
			attributes = {
				LastUpgradeCheck = 0630;
				ORGANIZATIONNAME = "Rachel Brindle";
				TargetAttributes = {
					89A601D11AB8C07400EA392D = {
						CreatedOnToolsVersion = 6.3;
					};
					89B6F9741AB135DD00618B00 = {
						CreatedOnToolsVersion = 6.3;
					};
					89B6F97F1AB135DD00618B00 = {
						CreatedOnToolsVersion = 6.3;
					};
				};
			};
			buildConfigurationList = 89B6F96F1AB135DD00618B00 /* Build configuration list for PBXProject "ProceduralKit" */;
			compatibilityVersion = "Xcode 3.2";
			developmentRegion = English;
			hasScannedForEncodings = 0;
			knownRegions = (
				en,
				Base,
			);
			mainGroup = 89B6F96B1AB135DD00618B00;
			productRefGroup = 89B6F9761AB135DD00618B00 /* Products */;
			projectDirPath = "";
			projectRoot = "";
			targets = (
				89B6F9741AB135DD00618B00 /* ProceduralKit */,
				89B6F97F1AB135DD00618B00 /* ProceduralKitTests */,
				89A601D11AB8C07400EA392D /* ProceduralKitExample */,
			);
		};
/* End PBXProject section */

/* Begin PBXResourcesBuildPhase section */
		89A601D01AB8C07400EA392D /* Resources */ = {
			isa = PBXResourcesBuildPhase;
			buildActionMask = 2147483647;
			files = (
				89A601D91AB8C07400EA392D /* Images.xcassets in Resources */,
				89A601DC1AB8C07400EA392D /* MainMenu.xib in Resources */,
			);
			runOnlyForDeploymentPostprocessing = 0;
		};
		89B6F9731AB135DD00618B00 /* Resources */ = {
			isa = PBXResourcesBuildPhase;
			buildActionMask = 2147483647;
			files = (
			);
			runOnlyForDeploymentPostprocessing = 0;
		};
		89B6F97E1AB135DD00618B00 /* Resources */ = {
			isa = PBXResourcesBuildPhase;
			buildActionMask = 2147483647;
			files = (
			);
			runOnlyForDeploymentPostprocessing = 0;
		};
/* End PBXResourcesBuildPhase section */

/* Begin PBXSourcesBuildPhase section */
		89A601CE1AB8C07400EA392D /* Sources */ = {
			isa = PBXSourcesBuildPhase;
			buildActionMask = 2147483647;
			files = (
				89A601D71AB8C07400EA392D /* AppDelegate.swift in Sources */,
			);
			runOnlyForDeploymentPostprocessing = 0;
		};
		89B6F9701AB135DD00618B00 /* Sources */ = {
			isa = PBXSourcesBuildPhase;
			buildActionMask = 2147483647;
			files = (
				89417DCF1ABBE458002E17D7 /* Math.swift in Sources */,
				89A601CC1AB8C01C00EA392D /* ProceduralLayer.swift in Sources */,
				89B6F9941AB1362C00618B00 /* PerlinNoise.swift in Sources */,
				89B6F9921AB1360D00618B00 /* FractalBrownianMotion.swift in Sources */,
				89417DD21ABBF20F002E17D7 /* Int+ProceduralKit.swift in Sources */,
			);
			runOnlyForDeploymentPostprocessing = 0;
		};
		89B6F97C1AB135DD00618B00 /* Sources */ = {
			isa = PBXSourcesBuildPhase;
			buildActionMask = 2147483647;
			files = (
				89A601CD1AB8C01C00EA392D /* ProceduralLayer.swift in Sources */,
				89B6F9991AB13EA100618B00 /* FractalBrownianMotion.swift in Sources */,
				89417DD31ABBF20F002E17D7 /* Int+ProceduralKit.swift in Sources */,
				89417DDE1ABBF77B002E17D7 /* Int+ProceduralKitSpec.swift in Sources */,
				89B6F99A1AB13EA100618B00 /* PerlinNoise.swift in Sources */,
				89B6F9961AB13E7300618B00 /* FBMTests.swift in Sources */,
				89417DD01ABBE458002E17D7 /* Math.swift in Sources */,
				89417DD51ABBF644002E17D7 /* MathSpec.swift in Sources */,
				89B6F9981AB13E9800618B00 /* PerlinNoiseTests.swift in Sources */,
			);
			runOnlyForDeploymentPostprocessing = 0;
		};
/* End PBXSourcesBuildPhase section */

/* Begin PBXTargetDependency section */
		89A601F01AB8C1B500EA392D /* PBXTargetDependency */ = {
			isa = PBXTargetDependency;
			target = 89B6F9741AB135DD00618B00 /* ProceduralKit */;
			targetProxy = 89A601EF1AB8C1B500EA392D /* PBXContainerItemProxy */;
		};
		89B6F9831AB135DD00618B00 /* PBXTargetDependency */ = {
			isa = PBXTargetDependency;
			target = 89B6F9741AB135DD00618B00 /* ProceduralKit */;
			targetProxy = 89B6F9821AB135DD00618B00 /* PBXContainerItemProxy */;
		};
/* End PBXTargetDependency section */

/* Begin PBXVariantGroup section */
		89A601DA1AB8C07400EA392D /* MainMenu.xib */ = {
			isa = PBXVariantGroup;
			children = (
				89A601DB1AB8C07400EA392D /* Base */,
			);
			name = MainMenu.xib;
			sourceTree = "<group>";
		};
/* End PBXVariantGroup section */

/* Begin XCBuildConfiguration section */
		89A601EA1AB8C07400EA392D /* Debug */ = {
			isa = XCBuildConfiguration;
			buildSettings = {
				ASSETCATALOG_COMPILER_APPICON_NAME = AppIcon;
				CODE_SIGN_IDENTITY = "-";
				COMBINE_HIDPI_IMAGES = YES;
				GCC_PREPROCESSOR_DEFINITIONS = (
					"DEBUG=1",
					"$(inherited)",
				);
				INFOPLIST_FILE = ProceduralKitExample/Info.plist;
				LD_RUNPATH_SEARCH_PATHS = "$(inherited) @executable_path/../Frameworks";
				PRODUCT_NAME = "$(TARGET_NAME)";
			};
			name = Debug;
		};
		89A601EB1AB8C07400EA392D /* Release */ = {
			isa = XCBuildConfiguration;
			buildSettings = {
				ASSETCATALOG_COMPILER_APPICON_NAME = AppIcon;
				CODE_SIGN_IDENTITY = "-";
				COMBINE_HIDPI_IMAGES = YES;
				INFOPLIST_FILE = ProceduralKitExample/Info.plist;
				LD_RUNPATH_SEARCH_PATHS = "$(inherited) @executable_path/../Frameworks";
				PRODUCT_NAME = "$(TARGET_NAME)";
			};
			name = Release;
		};
		89B6F9891AB135DD00618B00 /* Debug */ = {
			isa = XCBuildConfiguration;
			buildSettings = {
				ALWAYS_SEARCH_USER_PATHS = NO;
				CLANG_CXX_LANGUAGE_STANDARD = "gnu++0x";
				CLANG_CXX_LIBRARY = "libc++";
				CLANG_ENABLE_MODULES = YES;
				CLANG_ENABLE_OBJC_ARC = YES;
				CLANG_WARN_BOOL_CONVERSION = YES;
				CLANG_WARN_CONSTANT_CONVERSION = YES;
				CLANG_WARN_DIRECT_OBJC_ISA_USAGE = YES_ERROR;
				CLANG_WARN_EMPTY_BODY = YES;
				CLANG_WARN_ENUM_CONVERSION = YES;
				CLANG_WARN_INT_CONVERSION = YES;
				CLANG_WARN_OBJC_ROOT_CLASS = YES_ERROR;
				CLANG_WARN_UNREACHABLE_CODE = YES;
				CLANG_WARN__DUPLICATE_METHOD_MATCH = YES;
				COPY_PHASE_STRIP = NO;
				CURRENT_PROJECT_VERSION = 1;
				DEBUG_INFORMATION_FORMAT = dwarf;
				ENABLE_STRICT_OBJC_MSGSEND = YES;
				GCC_C_LANGUAGE_STANDARD = gnu99;
				GCC_DYNAMIC_NO_PIC = NO;
				GCC_NO_COMMON_BLOCKS = YES;
				GCC_OPTIMIZATION_LEVEL = 0;
				GCC_PREPROCESSOR_DEFINITIONS = (
					"DEBUG=1",
					"$(inherited)",
				);
				GCC_SYMBOLS_PRIVATE_EXTERN = NO;
				GCC_WARN_64_TO_32_BIT_CONVERSION = YES;
				GCC_WARN_ABOUT_RETURN_TYPE = YES_ERROR;
				GCC_WARN_UNDECLARED_SELECTOR = YES;
				GCC_WARN_UNINITIALIZED_AUTOS = YES_AGGRESSIVE;
				GCC_WARN_UNUSED_FUNCTION = YES;
				GCC_WARN_UNUSED_VARIABLE = YES;
				MACOSX_DEPLOYMENT_TARGET = 10.10;
				MTL_ENABLE_DEBUG_INFO = YES;
				ONLY_ACTIVE_ARCH = YES;
				SDKROOT = macosx;
				SWIFT_OPTIMIZATION_LEVEL = "-Onone";
				VERSIONING_SYSTEM = "apple-generic";
				VERSION_INFO_PREFIX = "";
			};
			name = Debug;
		};
		89B6F98A1AB135DD00618B00 /* Release */ = {
			isa = XCBuildConfiguration;
			buildSettings = {
				ALWAYS_SEARCH_USER_PATHS = NO;
				CLANG_CXX_LANGUAGE_STANDARD = "gnu++0x";
				CLANG_CXX_LIBRARY = "libc++";
				CLANG_ENABLE_MODULES = YES;
				CLANG_ENABLE_OBJC_ARC = YES;
				CLANG_WARN_BOOL_CONVERSION = YES;
				CLANG_WARN_CONSTANT_CONVERSION = YES;
				CLANG_WARN_DIRECT_OBJC_ISA_USAGE = YES_ERROR;
				CLANG_WARN_EMPTY_BODY = YES;
				CLANG_WARN_ENUM_CONVERSION = YES;
				CLANG_WARN_INT_CONVERSION = YES;
				CLANG_WARN_OBJC_ROOT_CLASS = YES_ERROR;
				CLANG_WARN_UNREACHABLE_CODE = YES;
				CLANG_WARN__DUPLICATE_METHOD_MATCH = YES;
				COPY_PHASE_STRIP = NO;
				CURRENT_PROJECT_VERSION = 1;
				DEBUG_INFORMATION_FORMAT = "dwarf-with-dsym";
				ENABLE_NS_ASSERTIONS = NO;
				ENABLE_STRICT_OBJC_MSGSEND = YES;
				GCC_C_LANGUAGE_STANDARD = gnu99;
				GCC_NO_COMMON_BLOCKS = YES;
				GCC_WARN_64_TO_32_BIT_CONVERSION = YES;
				GCC_WARN_ABOUT_RETURN_TYPE = YES_ERROR;
				GCC_WARN_UNDECLARED_SELECTOR = YES;
				GCC_WARN_UNINITIALIZED_AUTOS = YES_AGGRESSIVE;
				GCC_WARN_UNUSED_FUNCTION = YES;
				GCC_WARN_UNUSED_VARIABLE = YES;
				MACOSX_DEPLOYMENT_TARGET = 10.10;
				MTL_ENABLE_DEBUG_INFO = NO;
				SDKROOT = macosx;
				VERSIONING_SYSTEM = "apple-generic";
				VERSION_INFO_PREFIX = "";
			};
			name = Release;
		};
		89B6F98C1AB135DD00618B00 /* Debug */ = {
			isa = XCBuildConfiguration;
			buildSettings = {
				CLANG_ENABLE_MODULES = YES;
				COMBINE_HIDPI_IMAGES = YES;
				DEFINES_MODULE = YES;
				DYLIB_COMPATIBILITY_VERSION = 1;
				DYLIB_CURRENT_VERSION = 1;
				DYLIB_INSTALL_NAME_BASE = "@rpath";
				FRAMEWORK_VERSION = A;
				INFOPLIST_FILE = ProceduralKit/Info.plist;
				INSTALL_PATH = "$(LOCAL_LIBRARY_DIR)/Frameworks";
				LD_RUNPATH_SEARCH_PATHS = "$(inherited) @executable_path/../Frameworks @loader_path/Frameworks";
				PRODUCT_NAME = "$(TARGET_NAME)";
				SKIP_INSTALL = YES;
				SWIFT_OPTIMIZATION_LEVEL = "-Onone";
			};
			name = Debug;
		};
		89B6F98D1AB135DD00618B00 /* Release */ = {
			isa = XCBuildConfiguration;
			buildSettings = {
				CLANG_ENABLE_MODULES = YES;
				COMBINE_HIDPI_IMAGES = YES;
				DEFINES_MODULE = YES;
				DYLIB_COMPATIBILITY_VERSION = 1;
				DYLIB_CURRENT_VERSION = 1;
				DYLIB_INSTALL_NAME_BASE = "@rpath";
				FRAMEWORK_VERSION = A;
				INFOPLIST_FILE = ProceduralKit/Info.plist;
				INSTALL_PATH = "$(LOCAL_LIBRARY_DIR)/Frameworks";
				LD_RUNPATH_SEARCH_PATHS = "$(inherited) @executable_path/../Frameworks @loader_path/Frameworks";
				PRODUCT_NAME = "$(TARGET_NAME)";
				SKIP_INSTALL = YES;
			};
			name = Release;
		};
		89B6F98F1AB135DD00618B00 /* Debug */ = {
			isa = XCBuildConfiguration;
			buildSettings = {
				COMBINE_HIDPI_IMAGES = YES;
				FRAMEWORK_SEARCH_PATHS = (
					"$(DEVELOPER_FRAMEWORKS_DIR)",
					"$(inherited)",
					"$(PROJECT_DIR)/Carthage/Build/Mac",
				);
				GCC_PREPROCESSOR_DEFINITIONS = (
					"DEBUG=1",
					"$(inherited)",
				);
				INFOPLIST_FILE = ProceduralKitTests/Info.plist;
				LD_RUNPATH_SEARCH_PATHS = "$(inherited) @executable_path/../Frameworks @loader_path/../Frameworks";
				PRODUCT_NAME = "$(TARGET_NAME)";
			};
			name = Debug;
		};
		89B6F9901AB135DD00618B00 /* Release */ = {
			isa = XCBuildConfiguration;
			buildSettings = {
				COMBINE_HIDPI_IMAGES = YES;
				FRAMEWORK_SEARCH_PATHS = (
					"$(DEVELOPER_FRAMEWORKS_DIR)",
					"$(inherited)",
					"$(PROJECT_DIR)/Carthage/Build/Mac",
				);
				INFOPLIST_FILE = ProceduralKitTests/Info.plist;
				LD_RUNPATH_SEARCH_PATHS = "$(inherited) @executable_path/../Frameworks @loader_path/../Frameworks";
				PRODUCT_NAME = "$(TARGET_NAME)";
			};
			name = Release;
		};
/* End XCBuildConfiguration section */

/* Begin XCConfigurationList section */
		89A601E91AB8C07400EA392D /* Build configuration list for PBXNativeTarget "ProceduralKitExample" */ = {
			isa = XCConfigurationList;
			buildConfigurations = (
				89A601EA1AB8C07400EA392D /* Debug */,
				89A601EB1AB8C07400EA392D /* Release */,
			);
			defaultConfigurationIsVisible = 0;
			defaultConfigurationName = Release;
		};
		89B6F96F1AB135DD00618B00 /* Build configuration list for PBXProject "ProceduralKit" */ = {
			isa = XCConfigurationList;
			buildConfigurations = (
				89B6F9891AB135DD00618B00 /* Debug */,
				89B6F98A1AB135DD00618B00 /* Release */,
			);
			defaultConfigurationIsVisible = 0;
			defaultConfigurationName = Release;
		};
		89B6F98B1AB135DD00618B00 /* Build configuration list for PBXNativeTarget "ProceduralKit" */ = {
			isa = XCConfigurationList;
			buildConfigurations = (
				89B6F98C1AB135DD00618B00 /* Debug */,
				89B6F98D1AB135DD00618B00 /* Release */,
			);
			defaultConfigurationIsVisible = 0;
			defaultConfigurationName = Release;
		};
		89B6F98E1AB135DD00618B00 /* Build configuration list for PBXNativeTarget "ProceduralKitTests" */ = {
			isa = XCConfigurationList;
			buildConfigurations = (
				89B6F98F1AB135DD00618B00 /* Debug */,
				89B6F9901AB135DD00618B00 /* Release */,
			);
			defaultConfigurationIsVisible = 0;
			defaultConfigurationName = Release;
		};
/* End XCConfigurationList section */
	};
	rootObject = 89B6F96C1AB135DD00618B00 /* Project object */;
}
